
Microsoft Visual Studio Solution File, Format Version 12.00
# Visual Studio Version 17
VisualStudioVersion = 17.4.33205.214
MinimumVisualStudioVersion = 10.0.40219.1
Project("{FAE04EC0-301F-11D3-BF4B-00C04F79EFBC}") = "WeiboRobot", "WeiboRobot\WeiboRobot.csproj", "{A472397D-DBD5-4FC8-A67D-AB123E361ED2}"
EndProject
Global
	GlobalSection(SolutionConfigurationPlatforms) = preSolution
		Debug|Any CPU = Debug|Any CPU
		Debug|x86 = Debug|x86
		Release|Any CPU = Release|Any CPU
		Release|x86 = Release|x86
	EndGlobalSection
	GlobalSection(ProjectConfigurationPlatforms) = postSolution
		{A472397D-DBD5-4FC8-A67D-AB123E361ED2}.Debug|Any CPU.ActiveCfg = Debug|Any CPU
		{A472397D-DBD5-4FC8-A67D-AB123E361ED2}.Debug|Any CPU.Build.0 = Debug|Any CPU
		{A472397D-DBD5-4FC8-A67D-AB123E361ED2}.Debug|x86.ActiveCfg = Debug|Win32
		{A472397D-DBD5-4FC8-A67D-AB123E361ED2}.Debug|x86.Build.0 = Debug|Win32
		{A472397D-DBD5-4FC8-A67D-AB123E361ED2}.Release|Any CPU.ActiveCfg = Release|Any CPU
		{A472397D-DBD5-4FC8-A67D-AB123E361ED2}.Release|Any CPU.Build.0 = Release|Any CPU
		{A472397D-DBD5-4FC8-A67D-AB123E361ED2}.Release|x86.ActiveCfg = Release|Win32
		{A472397D-DBD5-4FC8-A67D-AB123E361ED2}.Release|x86.Build.0 = Release|Win32
	EndGlobalSection
	GlobalSection(SolutionProperties) = preSolution
		HideSolutionNode = FALSE
	EndGlobalSection
	GlobalSection(ExtensibilityGlobals) = postSolution
		SolutionGuid = {6C22FD55-EF9C-4E66-9CD1-E69403DCCA04}
	EndGlobalSection
EndGlobal
